
Microsoft Visual Studio Solution File, Format Version 12.00
# Visual Studio Version 17
VisualStudioVersion = 17.5.33627.172
MinimumVisualStudioVersion = 10.0.40219.1
Project("{FAE04EC0-301F-11D3-BF4B-00C04F79EFBC}") = "UiDesktopApp1", "UiDesktopApp1\UiDesktopApp1.csproj", "{BB2AA854-55C7-4113-8F12-9763A05C58C4}"
EndProject
Global
	GlobalSection(SolutionConfigurationPlatforms) = preSolution
		Debug|Any CPU = Debug|Any CPU
		Release|Any CPU = Release|Any CPU
	EndGlobalSection
	GlobalSection(ProjectConfigurationPlatforms) = postSolution
		{BB2AA854-55C7-4113-8F12-9763A05C58C4}.Debug|Any CPU.ActiveCfg = Debug|Any CPU
		{BB2AA854-55C7-4113-8F12-9763A05C58C4}.Debug|Any CPU.Build.0 = Debug|Any CPU
		{BB2AA854-55C7-4113-8F12-9763A05C58C4}.Release|Any CPU.ActiveCfg = Release|Any CPU
		{BB2AA854-55C7-4113-8F12-9763A05C58C4}.Release|Any CPU.Build.0 = Release|Any CPU
	EndGlobalSection
	GlobalSection(SolutionProperties) = preSolution
		HideSolutionNode = FALSE
	EndGlobalSection
	GlobalSection(ExtensibilityGlobals) = postSolution
		SolutionGuid = {5C9EB87B-667C-48E1-B9EA-0AE12EC98C72}
	EndGlobalSection
EndGlobal
